
Microsoft Visual Studio Solution File, Format Version 12.00
# Visual Studio Version 17
VisualStudioVersion = 17.13.35913.81 d17.13
MinimumVisualStudioVersion = 10.0.40219.1
Project("{FAE04EC0-301F-11D3-BF4B-00C04F79EFBC}") = "Pool Connection Using Bounded Blocking Queue", "Pool Connection Using Bounded Blocking Queue\Pool Connection Using Bounded Blocking Queue.csproj", "{7E4614F0-0F44-413E-85DA-4A7CCB655AAA}"
EndProject
Global
	GlobalSection(SolutionConfigurationPlatforms) = preSolution
		Debug|Any CPU = Debug|Any CPU
		Release|Any CPU = Release|Any CPU
	EndGlobalSection
	GlobalSection(ProjectConfigurationPlatforms) = postSolution
		{7E4614F0-0F44-413E-85DA-4A7CCB655AAA}.Debug|Any CPU.ActiveCfg = Debug|Any CPU
		{7E4614F0-0F44-413E-85DA-4A7CCB655AAA}.Debug|Any CPU.Build.0 = Debug|Any CPU
		{7E4614F0-0F44-413E-85DA-4A7CCB655AAA}.Release|Any CPU.ActiveCfg = Release|Any CPU
		{7E4614F0-0F44-413E-85DA-4A7CCB655AAA}.Release|Any CPU.Build.0 = Release|Any CPU
	EndGlobalSection
	GlobalSection(SolutionProperties) = preSolution
		HideSolutionNode = FALSE
	EndGlobalSection
	GlobalSection(ExtensibilityGlobals) = postSolution
		SolutionGuid = {C08807C9-EC75-4019-A36B-71033BDA8EB8}
	EndGlobalSection
EndGlobal
